// !$*UTF8*$!
{
	archiveVersion = 1;
	classes = {
	};
	objectVersion = 50;
	objects = {

/* Begin PBXBuildFile section */
		4601807223FDCBF600F129BB /* QuestionsViewController.swift in Sources */ = {isa = PBXBuildFile; fileRef = 4601807123FDCBF600F129BB /* QuestionsViewController.swift */; };
		4601807423FDE20A00F129BB /* RoundButton.swift in Sources */ = {isa = PBXBuildFile; fileRef = 4601807323FDE20A00F129BB /* RoundButton.swift */; };
		4608A80023FE78F800F1F23E /* RoundLabel.swift in Sources */ = {isa = PBXBuildFile; fileRef = 4608A7FF23FE78F800F1F23E /* RoundLabel.swift */; };
		46FB4FF423FD84F000AB50EE /* AppDelegate.swift in Sources */ = {isa = PBXBuildFile; fileRef = 46FB4FF323FD84F000AB50EE /* AppDelegate.swift */; };
		46FB4FF623FD84F000AB50EE /* SceneDelegate.swift in Sources */ = {isa = PBXBuildFile; fileRef = 46FB4FF523FD84F000AB50EE /* SceneDelegate.swift */; };
		46FB4FF823FD84F000AB50EE /* ViewController.swift in Sources */ = {isa = PBXBuildFile; fileRef = 46FB4FF723FD84F000AB50EE /* ViewController.swift */; };
		46FB4FFB23FD84F000AB50EE /* Main.storyboard in Resources */ = {isa = PBXBuildFile; fileRef = 46FB4FF923FD84F000AB50EE /* Main.storyboard */; };
		46FB4FFD23FD84F200AB50EE /* Assets.xcassets in Resources */ = {isa = PBXBuildFile; fileRef = 46FB4FFC23FD84F200AB50EE /* Assets.xcassets */; };
		46FB500023FD84F200AB50EE /* LaunchScreen.storyboard in Resources */ = {isa = PBXBuildFile; fileRef = 46FB4FFE23FD84F200AB50EE /* LaunchScreen.storyboard */; };
		46FB500823FD890E00AB50EE /* QuestionTypeEnumerator.swift in Sources */ = {isa = PBXBuildFile; fileRef = 46FB500723FD890E00AB50EE /* QuestionTypeEnumerator.swift */; };
		46FB500A23FD8A9A00AB50EE /* QuestionAnswerStruct.swift in Sources */ = {isa = PBXBuildFile; fileRef = 46FB500923FD8A9A00AB50EE /* QuestionAnswerStruct.swift */; };
		46FB500C23FD8C9300AB50EE /* Questions.swift in Sources */ = {isa = PBXBuildFile; fileRef = 46FB500B23FD8C9300AB50EE /* Questions.swift */; };
/* End PBXBuildFile section */

/* Begin PBXFileReference section */
		4601807123FDCBF600F129BB /* QuestionsViewController.swift */ = {isa = PBXFileReference; lastKnownFileType = sourcecode.swift; path = QuestionsViewController.swift; sourceTree = "<group>"; };
		4601807323FDE20A00F129BB /* RoundButton.swift */ = {isa = PBXFileReference; lastKnownFileType = sourcecode.swift; path = RoundButton.swift; sourceTree = "<group>"; };
		4608A7FF23FE78F800F1F23E /* RoundLabel.swift */ = {isa = PBXFileReference; lastKnownFileType = sourcecode.swift; path = RoundLabel.swift; sourceTree = "<group>"; };
		46FB4FF023FD84F000AB50EE /* QuizApp.app */ = {isa = PBXFileReference; explicitFileType = wrapper.application; includeInIndex = 0; path = QuizApp.app; sourceTree = BUILT_PRODUCTS_DIR; };
		46FB4FF323FD84F000AB50EE /* AppDelegate.swift */ = {isa = PBXFileReference; lastKnownFileType = sourcecode.swift; path = AppDelegate.swift; sourceTree = "<group>"; };
		46FB4FF523FD84F000AB50EE /* SceneDelegate.swift */ = {isa = PBXFileReference; lastKnownFileType = sourcecode.swift; path = SceneDelegate.swift; sourceTree = "<group>"; };
		46FB4FF723FD84F000AB50EE /* ViewController.swift */ = {isa = PBXFileReference; lastKnownFileType = sourcecode.swift; path = ViewController.swift; sourceTree = "<group>"; };
		46FB4FFA23FD84F000AB50EE /* Base */ = {isa = PBXFileReference; lastKnownFileType = file.storyboard; name = Base; path = Base.lproj/Main.storyboard; sourceTree = "<group>"; };
		46FB4FFC23FD84F200AB50EE /* Assets.xcassets */ = {isa = PBXFileReference; lastKnownFileType = folder.assetcatalog; path = Assets.xcassets; sourceTree = "<group>"; };
		46FB4FFF23FD84F200AB50EE /* Base */ = {isa = PBXFileReference; lastKnownFileType = file.storyboard; name = Base; path = Base.lproj/LaunchScreen.storyboard; sourceTree = "<group>"; };
		46FB500123FD84F200AB50EE /* Info.plist */ = {isa = PBXFileReference; lastKnownFileType = text.plist.xml; path = Info.plist; sourceTree = "<group>"; };
		46FB500723FD890E00AB50EE /* QuestionTypeEnumerator.swift */ = {isa = PBXFileReference; lastKnownFileType = sourcecode.swift; path = QuestionTypeEnumerator.swift; sourceTree = "<group>"; };
		46FB500923FD8A9A00AB50EE /* QuestionAnswerStruct.swift */ = {isa = PBXFileReference; lastKnownFileType = sourcecode.swift; path = QuestionAnswerStruct.swift; sourceTree = "<group>"; };
		46FB500B23FD8C9300AB50EE /* Questions.swift */ = {isa = PBXFileReference; lastKnownFileType = sourcecode.swift; path = Questions.swift; sourceTree = "<group>"; };
/* End PBXFileReference section */

/* Begin PBXFrameworksBuildPhase section */
		46FB4FED23FD84F000AB50EE /* Frameworks */ = {
			isa = PBXFrameworksBuildPhase;
			buildActionMask = 2147483647;
			files = (
			);
			runOnlyForDeploymentPostprocessing = 0;
		};
/* End PBXFrameworksBuildPhase section */

/* Begin PBXGroup section */
		46FB4FE723FD84F000AB50EE = {
			isa = PBXGroup;
			children = (
				46FB4FF223FD84F000AB50EE /* QuizApp */,
				46FB4FF123FD84F000AB50EE /* Products */,
			);
			sourceTree = "<group>";
		};
		46FB4FF123FD84F000AB50EE /* Products */ = {
			isa = PBXGroup;
			children = (
				46FB4FF023FD84F000AB50EE /* QuizApp.app */,
			);
			name = Products;
			sourceTree = "<group>";
		};
		46FB4FF223FD84F000AB50EE /* QuizApp */ = {
			isa = PBXGroup;
			children = (
				46FB4FF323FD84F000AB50EE /* AppDelegate.swift */,
				46FB4FF523FD84F000AB50EE /* SceneDelegate.swift */,
				46FB4FF723FD84F000AB50EE /* ViewController.swift */,
				4601807123FDCBF600F129BB /* QuestionsViewController.swift */,
				4601807323FDE20A00F129BB /* RoundButton.swift */,
				4608A7FF23FE78F800F1F23E /* RoundLabel.swift */,
				46FB4FF923FD84F000AB50EE /* Main.storyboard */,
				46FB4FFC23FD84F200AB50EE /* Assets.xcassets */,
				46FB4FFE23FD84F200AB50EE /* LaunchScreen.storyboard */,
				46FB500123FD84F200AB50EE /* Info.plist */,
				46FB500723FD890E00AB50EE /* QuestionTypeEnumerator.swift */,
				46FB500923FD8A9A00AB50EE /* QuestionAnswerStruct.swift */,
				46FB500B23FD8C9300AB50EE /* Questions.swift */,
			);
			path = QuizApp;
			sourceTree = "<group>";
		};
/* End PBXGroup section */

/* Begin PBXNativeTarget section */
		46FB4FEF23FD84F000AB50EE /* QuizApp */ = {
			isa = PBXNativeTarget;
			buildConfigurationList = 46FB500423FD84F200AB50EE /* Build configuration list for PBXNativeTarget "QuizApp" */;
			buildPhases = (
				46FB4FEC23FD84F000AB50EE /* Sources */,
				46FB4FED23FD84F000AB50EE /* Frameworks */,
				46FB4FEE23FD84F000AB50EE /* Resources */,
			);
			buildRules = (
			);
			dependencies = (
			);
			name = QuizApp;
			productName = QuizApp;
			productReference = 46FB4FF023FD84F000AB50EE /* QuizApp.app */;
			productType = "com.apple.product-type.application";
		};
/* End PBXNativeTarget section */

/* Begin PBXProject section */
		46FB4FE823FD84F000AB50EE /* Project object */ = {
			isa = PBXProject;
			attributes = {
				LastSwiftUpdateCheck = 1130;
				LastUpgradeCheck = 1130;
				ORGANIZATIONNAME = "Davide Savarro";
				TargetAttributes = {
					46FB4FEF23FD84F000AB50EE = {
						CreatedOnToolsVersion = 11.3;
					};
				};
			};
			buildConfigurationList = 46FB4FEB23FD84F000AB50EE /* Build configuration list for PBXProject "QuizApp" */;
			compatibilityVersion = "Xcode 9.3";
			developmentRegion = en;
			hasScannedForEncodings = 0;
			knownRegions = (
				en,
				Base,
			);
			mainGroup = 46FB4FE723FD84F000AB50EE;
			productRefGroup = 46FB4FF123FD84F000AB50EE /* Products */;
			projectDirPath = "";
			projectRoot = "";
			targets = (
				46FB4FEF23FD84F000AB50EE /* QuizApp */,
			);
		};
/* End PBXProject section */

/* Begin PBXResourcesBuildPhase section */
		46FB4FEE23FD84F000AB50EE /* Resources */ = {
			isa = PBXResourcesBuildPhase;
			buildActionMask = 2147483647;
			files = (
				46FB500023FD84F200AB50EE /* LaunchScreen.storyboard in Resources */,
				46FB4FFD23FD84F200AB50EE /* Assets.xcassets in Resources */,
				46FB4FFB23FD84F000AB50EE /* Main.storyboard in Resources */,
			);
			runOnlyForDeploymentPostprocessing = 0;
		};
/* End PBXResourcesBuildPhase section */

/* Begin PBXSourcesBuildPhase section */
		46FB4FEC23FD84F000AB50EE /* Sources */ = {
			isa = PBXSourcesBuildPhase;
			buildActionMask = 2147483647;
			files = (
				4601807423FDE20A00F129BB /* RoundButton.swift in Sources */,
				4608A80023FE78F800F1F23E /* RoundLabel.swift in Sources */,
				46FB4FF823FD84F000AB50EE /* ViewController.swift in Sources */,
				4601807223FDCBF600F129BB /* QuestionsViewController.swift in Sources */,
				46FB4FF423FD84F000AB50EE /* AppDelegate.swift in Sources */,
				46FB500A23FD8A9A00AB50EE /* QuestionAnswerStruct.swift in Sources */,
				46FB500C23FD8C9300AB50EE /* Questions.swift in Sources */,
				46FB4FF623FD84F000AB50EE /* SceneDelegate.swift in Sources */,
				46FB500823FD890E00AB50EE /* QuestionTypeEnumerator.swift in Sources */,
			);
			runOnlyForDeploymentPostprocessing = 0;
		};
/* End PBXSourcesBuildPhase section */

/* Begin PBXVariantGroup section */
		46FB4FF923FD84F000AB50EE /* Main.storyboard */ = {
			isa = PBXVariantGroup;
			children = (
				46FB4FFA23FD84F000AB50EE /* Base */,
			);
			name = Main.storyboard;
			sourceTree = "<group>";
		};
		46FB4FFE23FD84F200AB50EE /* LaunchScreen.storyboard */ = {
			isa = PBXVariantGroup;
			children = (
				46FB4FFF23FD84F200AB50EE /* Base */,
			);
			name = LaunchScreen.storyboard;
			sourceTree = "<group>";
		};
/* End PBXVariantGroup section */

/* Begin XCBuildConfiguration section */
		46FB500223FD84F200AB50EE /* Debug */ = {
			isa = XCBuildConfiguration;
			buildSettings = {
				ALWAYS_SEARCH_USER_PATHS = NO;
				CLANG_ANALYZER_NONNULL = YES;
				CLANG_ANALYZER_NUMBER_OBJECT_CONVERSION = YES_AGGRESSIVE;
				CLANG_CXX_LANGUAGE_STANDARD = "gnu++14";
				CLANG_CXX_LIBRARY = "libc++";
				CLANG_ENABLE_MODULES = YES;
				CLANG_ENABLE_OBJC_ARC = YES;
				CLANG_ENABLE_OBJC_WEAK = YES;
				CLANG_WARN_BLOCK_CAPTURE_AUTORELEASING = YES;
				CLANG_WARN_BOOL_CONVERSION = YES;
				CLANG_WARN_COMMA = YES;
				CLANG_WARN_CONSTANT_CONVERSION = YES;
				CLANG_WARN_DEPRECATED_OBJC_IMPLEMENTATIONS = YES;
				CLANG_WARN_DIRECT_OBJC_ISA_USAGE = YES_ERROR;
				CLANG_WARN_DOCUMENTATION_COMMENTS = YES;
				CLANG_WARN_EMPTY_BODY = YES;
				CLANG_WARN_ENUM_CONVERSION = YES;
				CLANG_WARN_INFINITE_RECURSION = YES;
				CLANG_WARN_INT_CONVERSION = YES;
				CLANG_WARN_NON_LITERAL_NULL_CONVERSION = YES;
				CLANG_WARN_OBJC_IMPLICIT_RETAIN_SELF = YES;
				CLANG_WARN_OBJC_LITERAL_CONVERSION = YES;
				CLANG_WARN_OBJC_ROOT_CLASS = YES_ERROR;
				CLANG_WARN_RANGE_LOOP_ANALYSIS = YES;
				CLANG_WARN_STRICT_PROTOTYPES = YES;
				CLANG_WARN_SUSPICIOUS_MOVE = YES;
				CLANG_WARN_UNGUARDED_AVAILABILITY = YES_AGGRESSIVE;
				CLANG_WARN_UNREACHABLE_CODE = YES;
				CLANG_WARN__DUPLICATE_METHOD_MATCH = YES;
				COPY_PHASE_STRIP = NO;
				DEBUG_INFORMATION_FORMAT = dwarf;
				ENABLE_STRICT_OBJC_MSGSEND = YES;
				ENABLE_TESTABILITY = YES;
				GCC_C_LANGUAGE_STANDARD = gnu11;
				GCC_DYNAMIC_NO_PIC = NO;
				GCC_NO_COMMON_BLOCKS = YES;
				GCC_OPTIMIZATION_LEVEL = 0;
				GCC_PREPROCESSOR_DEFINITIONS = (
					"DEBUG=1",
					"$(inherited)",
				);
				GCC_WARN_64_TO_32_BIT_CONVERSION = YES;
				GCC_WARN_ABOUT_RETURN_TYPE = YES_ERROR;
				GCC_WARN_UNDECLARED_SELECTOR = YES;
				GCC_WARN_UNINITIALIZED_AUTOS = YES_AGGRESSIVE;
				GCC_WARN_UNUSED_FUNCTION = YES;
				GCC_WARN_UNUSED_VARIABLE = YES;
				IPHONEOS_DEPLOYMENT_TARGET = 13.2;
				MTL_ENABLE_DEBUG_INFO = INCLUDE_SOURCE;
				MTL_FAST_MATH = YES;
				ONLY_ACTIVE_ARCH = YES;
				SDKROOT = iphoneos;
				SWIFT_ACTIVE_COMPILATION_CONDITIONS = DEBUG;
				SWIFT_OPTIMIZATION_LEVEL = "-Onone";
			};
			name = Debug;
		};
		46FB500323FD84F200AB50EE /* Release */ = {
			isa = XCBuildConfiguration;
			buildSettings = {
				ALWAYS_SEARCH_USER_PATHS = NO;
				CLANG_ANALYZER_NONNULL = YES;
				CLANG_ANALYZER_NUMBER_OBJECT_CONVERSION = YES_AGGRESSIVE;
				CLANG_CXX_LANGUAGE_STANDARD = "gnu++14";
				CLANG_CXX_LIBRARY = "libc++";
				CLANG_ENABLE_MODULES = YES;
				CLANG_ENABLE_OBJC_ARC = YES;
				CLANG_ENABLE_OBJC_WEAK = YES;
				CLANG_WARN_BLOCK_CAPTURE_AUTORELEASING = YES;
				CLANG_WARN_BOOL_CONVERSION = YES;
				CLANG_WARN_COMMA = YES;
				CLANG_WARN_CONSTANT_CONVERSION = YES;
				CLANG_WARN_DEPRECATED_OBJC_IMPLEMENTATIONS = YES;
				CLANG_WARN_DIRECT_OBJC_ISA_USAGE = YES_ERROR;
				CLANG_WARN_DOCUMENTATION_COMMENTS = YES;
				CLANG_WARN_EMPTY_BODY = YES;
				CLANG_WARN_ENUM_CONVERSION = YES;
				CLANG_WARN_INFINITE_RECURSION = YES;
				CLANG_WARN_INT_CONVERSION = YES;
				CLANG_WARN_NON_LITERAL_NULL_CONVERSION = YES;
				CLANG_WARN_OBJC_IMPLICIT_RETAIN_SELF = YES;
				CLANG_WARN_OBJC_LITERAL_CONVERSION = YES;
				CLANG_WARN_OBJC_ROOT_CLASS = YES_ERROR;
				CLANG_WARN_RANGE_LOOP_ANALYSIS = YES;
				CLANG_WARN_STRICT_PROTOTYPES = YES;
				CLANG_WARN_SUSPICIOUS_MOVE = YES;
				CLANG_WARN_UNGUARDED_AVAILABILITY = YES_AGGRESSIVE;
				CLANG_WARN_UNREACHABLE_CODE = YES;
				CLANG_WARN__DUPLICATE_METHOD_MATCH = YES;
				COPY_PHASE_STRIP = NO;
				DEBUG_INFORMATION_FORMAT = "dwarf-with-dsym";
				ENABLE_NS_ASSERTIONS = NO;
				ENABLE_STRICT_OBJC_MSGSEND = YES;
				GCC_C_LANGUAGE_STANDARD = gnu11;
				GCC_NO_COMMON_BLOCKS = YES;
				GCC_WARN_64_TO_32_BIT_CONVERSION = YES;
				GCC_WARN_ABOUT_RETURN_TYPE = YES_ERROR;
				GCC_WARN_UNDECLARED_SELECTOR = YES;
				GCC_WARN_UNINITIALIZED_AUTOS = YES_AGGRESSIVE;
				GCC_WARN_UNUSED_FUNCTION = YES;
				GCC_WARN_UNUSED_VARIABLE = YES;
				IPHONEOS_DEPLOYMENT_TARGET = 13.2;
				MTL_ENABLE_DEBUG_INFO = NO;
				MTL_FAST_MATH = YES;
				SDKROOT = iphoneos;
				SWIFT_COMPILATION_MODE = wholemodule;
				SWIFT_OPTIMIZATION_LEVEL = "-O";
				VALIDATE_PRODUCT = YES;
			};
			name = Release;
		};
		46FB500523FD84F200AB50EE /* Debug */ = {
			isa = XCBuildConfiguration;
			buildSettings = {
				ASSETCATALOG_COMPILER_APPICON_NAME = AppIcon;
				CODE_SIGN_STYLE = Automatic;
				DEVELOPMENT_TEAM = 8MZGL7TSL9;
				INFOPLIST_FILE = QuizApp/Info.plist;
				LD_RUNPATH_SEARCH_PATHS = (
					"$(inherited)",
					"@executable_path/Frameworks",
				);
				PRODUCT_BUNDLE_IDENTIFIER = org.dos.QuizApp;
				PRODUCT_NAME = "$(TARGET_NAME)";
				SWIFT_VERSION = 5.0;
				TARGETED_DEVICE_FAMILY = "1,2";
			};
			name = Debug;
		};
		46FB500623FD84F200AB50EE /* Release */ = {
			isa = XCBuildConfiguration;
			buildSettings = {
				ASSETCATALOG_COMPILER_APPICON_NAME = AppIcon;
				CODE_SIGN_STYLE = Automatic;
				DEVELOPMENT_TEAM = 8MZGL7TSL9;
				INFOPLIST_FILE = QuizApp/Info.plist;
				LD_RUNPATH_SEARCH_PATHS = (
					"$(inherited)",
					"@executable_path/Frameworks",
				);
				PRODUCT_BUNDLE_IDENTIFIER = org.dos.QuizApp;
				PRODUCT_NAME = "$(TARGET_NAME)";
				SWIFT_VERSION = 5.0;
				TARGETED_DEVICE_FAMILY = "1,2";
			};
			name = Release;
		};
/* End XCBuildConfiguration section */

/* Begin XCConfigurationList section */
		46FB4FEB23FD84F000AB50EE /* Build configuration list for PBXProject "QuizApp" */ = {
			isa = XCConfigurationList;
			buildConfigurations = (
				46FB500223FD84F200AB50EE /* Debug */,
				46FB500323FD84F200AB50EE /* Release */,
			);
			defaultConfigurationIsVisible = 0;
			defaultConfigurationName = Release;
		};
		46FB500423FD84F200AB50EE /* Build configuration list for PBXNativeTarget "QuizApp" */ = {
			isa = XCConfigurationList;
			buildConfigurations = (
				46FB500523FD84F200AB50EE /* Debug */,
				46FB500623FD84F200AB50EE /* Release */,
			);
			defaultConfigurationIsVisible = 0;
			defaultConfigurationName = Release;
		};
/* End XCConfigurationList section */
	};
	rootObject = 46FB4FE823FD84F000AB50EE /* Project object */;
}
